
Microsoft Visual Studio Solution File, Format Version 12.00
# Visual Studio Version 16
VisualStudioVersion = 16.0.29609.76
MinimumVisualStudioVersion = 15.0.26124.0
Project("{2150E333-8FDC-42A3-9474-1A3956D46DE8}") = "src", "src", "{1E3BEE18-27EE-4B0E-ADD5-590EB29C7995}"
EndProject
Project("{2150E333-8FDC-42A3-9474-1A3956D46DE8}") = "tests", "tests", "{AB432309-0267-42E7-8FDF-089F1EE20953}"
EndProject
Project("{2150E333-8FDC-42A3-9474-1A3956D46DE8}") = "Solution Items", "Solution Items", "{327CCE93-7E29-4C97-AEC7-6F37E97A0272}"
	ProjectSection(SolutionItems) = preProject
		.gitignore = .gitignore
		global.json = global.json
	EndProjectSection
EndProject
Project("{9A19103F-16F7-4668-BE54-9A1E7A4F7556}") = "DomainRules", "src\DomainRules\DomainRules.csproj", "{A6CF0481-0A67-4AEA-A45D-8C6467B556C9}"
EndProject
Project("{9A19103F-16F7-4668-BE54-9A1E7A4F7556}") = "ApplicationRules", "src\ApplicationRules\ApplicationRules.csproj", "{BCFF3E65-75F6-4D38-BBA4-658F7B4CE4E7}"
EndProject
Project("{9A19103F-16F7-4668-BE54-9A1E7A4F7556}") = "Resources", "src\Infrastructure\Resources\Resources.csproj", "{A4EB7B5E-5C81-4BD4-A348-02BFF4637E80}"
EndProject
Project("{9A19103F-16F7-4668-BE54-9A1E7A4F7556}") = "Repositories", "src\Infrastructure\Repositories\Repositories.csproj", "{00D94A43-FB79-42EA-8138-00F1D5109D4E}"
EndProject
Project("{9A19103F-16F7-4668-BE54-9A1E7A4F7556}") = "Storage", "src\Infrastructure\Storage\Storage.csproj", "{8C023408-2F90-4370-AE2C-3507A85D6A98}"
EndProject
Project("{9A19103F-16F7-4668-BE54-9A1E7A4F7556}") = "TeachApi", "src\UI\TeachApi\TeachApi.csproj", "{B4BD91A5-413D-4233-B240-B0CF78BD9ECD}"
EndProject
Project("{9A19103F-16F7-4668-BE54-9A1E7A4F7556}") = "UnitTests", "tests\UnitTests\UnitTests.csproj", "{17B3F64C-6A9E-4114-9ABB-CBB74B587C54}"
EndProject
Global
	GlobalSection(SolutionConfigurationPlatforms) = preSolution
		Debug|Any CPU = Debug|Any CPU
		Debug|x64 = Debug|x64
		Debug|x86 = Debug|x86
		Release|Any CPU = Release|Any CPU
		Release|x64 = Release|x64
		Release|x86 = Release|x86
	EndGlobalSection
	GlobalSection(ProjectConfigurationPlatforms) = postSolution
		{A6CF0481-0A67-4AEA-A45D-8C6467B556C9}.Debug|Any CPU.ActiveCfg = Debug|Any CPU
		{A6CF0481-0A67-4AEA-A45D-8C6467B556C9}.Debug|Any CPU.Build.0 = Debug|Any CPU
		{A6CF0481-0A67-4AEA-A45D-8C6467B556C9}.Debug|x64.ActiveCfg = Debug|Any CPU
		{A6CF0481-0A67-4AEA-A45D-8C6467B556C9}.Debug|x64.Build.0 = Debug|Any CPU
		{A6CF0481-0A67-4AEA-A45D-8C6467B556C9}.Debug|x86.ActiveCfg = Debug|Any CPU
		{A6CF0481-0A67-4AEA-A45D-8C6467B556C9}.Debug|x86.Build.0 = Debug|Any CPU
		{A6CF0481-0A67-4AEA-A45D-8C6467B556C9}.Release|Any CPU.ActiveCfg = Release|Any CPU
		{A6CF0481-0A67-4AEA-A45D-8C6467B556C9}.Release|Any CPU.Build.0 = Release|Any CPU
		{A6CF0481-0A67-4AEA-A45D-8C6467B556C9}.Release|x64.ActiveCfg = Release|Any CPU
		{A6CF0481-0A67-4AEA-A45D-8C6467B556C9}.Release|x64.Build.0 = Release|Any CPU
		{A6CF0481-0A67-4AEA-A45D-8C6467B556C9}.Release|x86.ActiveCfg = Release|Any CPU
		{A6CF0481-0A67-4AEA-A45D-8C6467B556C9}.Release|x86.Build.0 = Release|Any CPU
		{BCFF3E65-75F6-4D38-BBA4-658F7B4CE4E7}.Debug|Any CPU.ActiveCfg = Debug|Any CPU
		{BCFF3E65-75F6-4D38-BBA4-658F7B4CE4E7}.Debug|Any CPU.Build.0 = Debug|Any CPU
		{BCFF3E65-75F6-4D38-BBA4-658F7B4CE4E7}.Debug|x64.ActiveCfg = Debug|Any CPU
		{BCFF3E65-75F6-4D38-BBA4-658F7B4CE4E7}.Debug|x64.Build.0 = Debug|Any CPU
		{BCFF3E65-75F6-4D38-BBA4-658F7B4CE4E7}.Debug|x86.ActiveCfg = Debug|Any CPU
		{BCFF3E65-75F6-4D38-BBA4-658F7B4CE4E7}.Debug|x86.Build.0 = Debug|Any CPU
		{BCFF3E65-75F6-4D38-BBA4-658F7B4CE4E7}.Release|Any CPU.ActiveCfg = Release|Any CPU
		{BCFF3E65-75F6-4D38-BBA4-658F7B4CE4E7}.Release|Any CPU.Build.0 = Release|Any CPU
		{BCFF3E65-75F6-4D38-BBA4-658F7B4CE4E7}.Release|x64.ActiveCfg = Release|Any CPU
		{BCFF3E65-75F6-4D38-BBA4-658F7B4CE4E7}.Release|x64.Build.0 = Release|Any CPU
		{BCFF3E65-75F6-4D38-BBA4-658F7B4CE4E7}.Release|x86.ActiveCfg = Release|Any CPU
		{BCFF3E65-75F6-4D38-BBA4-658F7B4CE4E7}.Release|x86.Build.0 = Release|Any CPU
		{A4EB7B5E-5C81-4BD4-A348-02BFF4637E80}.Debug|Any CPU.ActiveCfg = Debug|Any CPU
		{A4EB7B5E-5C81-4BD4-A348-02BFF4637E80}.Debug|Any CPU.Build.0 = Debug|Any CPU
		{A4EB7B5E-5C81-4BD4-A348-02BFF4637E80}.Debug|x64.ActiveCfg = Debug|Any CPU
		{A4EB7B5E-5C81-4BD4-A348-02BFF4637E80}.Debug|x64.Build.0 = Debug|Any CPU
		{A4EB7B5E-5C81-4BD4-A348-02BFF4637E80}.Debug|x86.ActiveCfg = Debug|Any CPU
		{A4EB7B5E-5C81-4BD4-A348-02BFF4637E80}.Debug|x86.Build.0 = Debug|Any CPU
		{A4EB7B5E-5C81-4BD4-A348-02BFF4637E80}.Release|Any CPU.ActiveCfg = Release|Any CPU
		{A4EB7B5E-5C81-4BD4-A348-02BFF4637E80}.Release|Any CPU.Build.0 = Release|Any CPU
		{A4EB7B5E-5C81-4BD4-A348-02BFF4637E80}.Release|x64.ActiveCfg = Release|Any CPU
		{A4EB7B5E-5C81-4BD4-A348-02BFF4637E80}.Release|x64.Build.0 = Release|Any CPU
		{A4EB7B5E-5C81-4BD4-A348-02BFF4637E80}.Release|x86.ActiveCfg = Release|Any CPU
		{A4EB7B5E-5C81-4BD4-A348-02BFF4637E80}.Release|x86.Build.0 = Release|Any CPU
		{00D94A43-FB79-42EA-8138-00F1D5109D4E}.Debug|Any CPU.ActiveCfg = Debug|Any CPU
		{00D94A43-FB79-42EA-8138-00F1D5109D4E}.Debug|Any CPU.Build.0 = Debug|Any CPU
		{00D94A43-FB79-42EA-8138-00F1D5109D4E}.Debug|x64.ActiveCfg = Debug|Any CPU
		{00D94A43-FB79-42EA-8138-00F1D5109D4E}.Debug|x64.Build.0 = Debug|Any CPU
		{00D94A43-FB79-42EA-8138-00F1D5109D4E}.Debug|x86.ActiveCfg = Debug|Any CPU
		{00D94A43-FB79-42EA-8138-00F1D5109D4E}.Debug|x86.Build.0 = Debug|Any CPU
		{00D94A43-FB79-42EA-8138-00F1D5109D4E}.Release|Any CPU.ActiveCfg = Release|Any CPU
		{00D94A43-FB79-42EA-8138-00F1D5109D4E}.Release|Any CPU.Build.0 = Release|Any CPU
		{00D94A43-FB79-42EA-8138-00F1D5109D4E}.Release|x64.ActiveCfg = Release|Any CPU
		{00D94A43-FB79-42EA-8138-00F1D5109D4E}.Release|x64.Build.0 = Release|Any CPU
		{00D94A43-FB79-42EA-8138-00F1D5109D4E}.Release|x86.ActiveCfg = Release|Any CPU
		{00D94A43-FB79-42EA-8138-00F1D5109D4E}.Release|x86.Build.0 = Release|Any CPU
		{8C023408-2F90-4370-AE2C-3507A85D6A98}.Debug|Any CPU.ActiveCfg = Debug|Any CPU
		{8C023408-2F90-4370-AE2C-3507A85D6A98}.Debug|Any CPU.Build.0 = Debug|Any CPU
		{8C023408-2F90-4370-AE2C-3507A85D6A98}.Debug|x64.ActiveCfg = Debug|Any CPU
		{8C023408-2F90-4370-AE2C-3507A85D6A98}.Debug|x64.Build.0 = Debug|Any CPU
		{8C023408-2F90-4370-AE2C-3507A85D6A98}.Debug|x86.ActiveCfg = Debug|Any CPU
		{8C023408-2F90-4370-AE2C-3507A85D6A98}.Debug|x86.Build.0 = Debug|Any CPU
		{8C023408-2F90-4370-AE2C-3507A85D6A98}.Release|Any CPU.ActiveCfg = Release|Any CPU
		{8C023408-2F90-4370-AE2C-3507A85D6A98}.Release|Any CPU.Build.0 = Release|Any CPU
		{8C023408-2F90-4370-AE2C-3507A85D6A98}.Release|x64.ActiveCfg = Release|Any CPU
		{8C023408-2F90-4370-AE2C-3507A85D6A98}.Release|x64.Build.0 = Release|Any CPU
		{8C023408-2F90-4370-AE2C-3507A85D6A98}.Release|x86.ActiveCfg = Release|Any CPU
		{8C023408-2F90-4370-AE2C-3507A85D6A98}.Release|x86.Build.0 = Release|Any CPU
		{B4BD91A5-413D-4233-B240-B0CF78BD9ECD}.Debug|Any CPU.ActiveCfg = Debug|Any CPU
		{B4BD91A5-413D-4233-B240-B0CF78BD9ECD}.Debug|Any CPU.Build.0 = Debug|Any CPU
		{B4BD91A5-413D-4233-B240-B0CF78BD9ECD}.Debug|x64.ActiveCfg = Debug|Any CPU
		{B4BD91A5-413D-4233-B240-B0CF78BD9ECD}.Debug|x64.Build.0 = Debug|Any CPU
		{B4BD91A5-413D-4233-B240-B0CF78BD9ECD}.Debug|x86.ActiveCfg = Debug|Any CPU
		{B4BD91A5-413D-4233-B240-B0CF78BD9ECD}.Debug|x86.Build.0 = Debug|Any CPU
		{B4BD91A5-413D-4233-B240-B0CF78BD9ECD}.Release|Any CPU.ActiveCfg = Release|Any CPU
		{B4BD91A5-413D-4233-B240-B0CF78BD9ECD}.Release|Any CPU.Build.0 = Release|Any CPU
		{B4BD91A5-413D-4233-B240-B0CF78BD9ECD}.Release|x64.ActiveCfg = Release|Any CPU
		{B4BD91A5-413D-4233-B240-B0CF78BD9ECD}.Release|x64.Build.0 = Release|Any CPU
		{B4BD91A5-413D-4233-B240-B0CF78BD9ECD}.Release|x86.ActiveCfg = Release|Any CPU
		{B4BD91A5-413D-4233-B240-B0CF78BD9ECD}.Release|x86.Build.0 = Release|Any CPU
		{17B3F64C-6A9E-4114-9ABB-CBB74B587C54}.Debug|Any CPU.ActiveCfg = Debug|Any CPU
		{17B3F64C-6A9E-4114-9ABB-CBB74B587C54}.Debug|Any CPU.Build.0 = Debug|Any CPU
		{17B3F64C-6A9E-4114-9ABB-CBB74B587C54}.Debug|x64.ActiveCfg = Debug|Any CPU
		{17B3F64C-6A9E-4114-9ABB-CBB74B587C54}.Debug|x64.Build.0 = Debug|Any CPU
		{17B3F64C-6A9E-4114-9ABB-CBB74B587C54}.Debug|x86.ActiveCfg = Debug|Any CPU
		{17B3F64C-6A9E-4114-9ABB-CBB74B587C54}.Debug|x86.Build.0 = Debug|Any CPU
		{17B3F64C-6A9E-4114-9ABB-CBB74B587C54}.Release|Any CPU.ActiveCfg = Release|Any CPU
		{17B3F64C-6A9E-4114-9ABB-CBB74B587C54}.Release|Any CPU.Build.0 = Release|Any CPU
		{17B3F64C-6A9E-4114-9ABB-CBB74B587C54}.Release|x64.ActiveCfg = Release|Any CPU
		{17B3F64C-6A9E-4114-9ABB-CBB74B587C54}.Release|x64.Build.0 = Release|Any CPU
		{17B3F64C-6A9E-4114-9ABB-CBB74B587C54}.Release|x86.ActiveCfg = Release|Any CPU
		{17B3F64C-6A9E-4114-9ABB-CBB74B587C54}.Release|x86.Build.0 = Release|Any CPU
	EndGlobalSection
	GlobalSection(SolutionProperties) = preSolution
		HideSolutionNode = FALSE
	EndGlobalSection
	GlobalSection(NestedProjects) = preSolution
		{A6CF0481-0A67-4AEA-A45D-8C6467B556C9} = {1E3BEE18-27EE-4B0E-ADD5-590EB29C7995}
		{BCFF3E65-75F6-4D38-BBA4-658F7B4CE4E7} = {1E3BEE18-27EE-4B0E-ADD5-590EB29C7995}
		{A4EB7B5E-5C81-4BD4-A348-02BFF4637E80} = {1E3BEE18-27EE-4B0E-ADD5-590EB29C7995}
		{00D94A43-FB79-42EA-8138-00F1D5109D4E} = {1E3BEE18-27EE-4B0E-ADD5-590EB29C7995}
		{8C023408-2F90-4370-AE2C-3507A85D6A98} = {1E3BEE18-27EE-4B0E-ADD5-590EB29C7995}
		{B4BD91A5-413D-4233-B240-B0CF78BD9ECD} = {1E3BEE18-27EE-4B0E-ADD5-590EB29C7995}
		{17B3F64C-6A9E-4114-9ABB-CBB74B587C54} = {AB432309-0267-42E7-8FDF-089F1EE20953}
	EndGlobalSection
	GlobalSection(ExtensibilityGlobals) = postSolution
		SolutionGuid = {468430D9-1332-46BD-B76C-458DF907C0D8}
	EndGlobalSection
EndGlobal
